
Microsoft Visual Studio Solution File, Format Version 12.00
# Visual Studio Version 16
VisualStudioVersion = 16.0.31729.503
MinimumVisualStudioVersion = 10.0.40219.1
Project("{9A19103F-16F7-4668-BE54-9A1E7A4F7556}") = "NesSharp", "NesSharp\NesSharp.csproj", "{9D003E45-E10F-4272-BAD8-0295138CC78A}"
EndProject
Project("{FAE04EC0-301F-11D3-BF4B-00C04F79EFBC}") = "NesSharpTests", "NesSharpTests\NesSharpTests.csproj", "{E33C7661-B126-4DD6-BF3D-5CCD523EE259}"
EndProject
Project("{FAE04EC0-301F-11D3-BF4B-00C04F79EFBC}") = "NesSharp.Wpf", "NesSharp.Wpf\NesSharp.Wpf.csproj", "{2415B1AA-96F9-4805-8307-1768E7A354C7}"
EndProject
Global
	GlobalSection(SolutionConfigurationPlatforms) = preSolution
		Debug|Any CPU = Debug|Any CPU
		Release|Any CPU = Release|Any CPU
	EndGlobalSection
	GlobalSection(ProjectConfigurationPlatforms) = postSolution
		{9D003E45-E10F-4272-BAD8-0295138CC78A}.Debug|Any CPU.ActiveCfg = Debug|Any CPU
		{9D003E45-E10F-4272-BAD8-0295138CC78A}.Debug|Any CPU.Build.0 = Debug|Any CPU
		{9D003E45-E10F-4272-BAD8-0295138CC78A}.Release|Any CPU.ActiveCfg = Release|Any CPU
		{9D003E45-E10F-4272-BAD8-0295138CC78A}.Release|Any CPU.Build.0 = Release|Any CPU
		{E33C7661-B126-4DD6-BF3D-5CCD523EE259}.Debug|Any CPU.ActiveCfg = Debug|Any CPU
		{E33C7661-B126-4DD6-BF3D-5CCD523EE259}.Debug|Any CPU.Build.0 = Debug|Any CPU
		{E33C7661-B126-4DD6-BF3D-5CCD523EE259}.Release|Any CPU.ActiveCfg = Release|Any CPU
		{E33C7661-B126-4DD6-BF3D-5CCD523EE259}.Release|Any CPU.Build.0 = Release|Any CPU
		{2415B1AA-96F9-4805-8307-1768E7A354C7}.Debug|Any CPU.ActiveCfg = Debug|Any CPU
		{2415B1AA-96F9-4805-8307-1768E7A354C7}.Debug|Any CPU.Build.0 = Debug|Any CPU
		{2415B1AA-96F9-4805-8307-1768E7A354C7}.Release|Any CPU.ActiveCfg = Release|Any CPU
		{2415B1AA-96F9-4805-8307-1768E7A354C7}.Release|Any CPU.Build.0 = Release|Any CPU
	EndGlobalSection
	GlobalSection(SolutionProperties) = preSolution
		HideSolutionNode = FALSE
	EndGlobalSection
	GlobalSection(ExtensibilityGlobals) = postSolution
		SolutionGuid = {E759CCD5-E509-4776-ADED-B7BB37983E2F}
	EndGlobalSection
EndGlobal
